
Microsoft Visual Studio Solution File, Format Version 12.00
# Visual Studio Version 17
VisualStudioVersion = 17.3.32901.215
MinimumVisualStudioVersion = 10.0.40219.1
Project("{FAE04EC0-301F-11D3-BF4B-00C04F79EFBC}") = "Server", "Server.csproj", "{849EBF1F-1CF4-4C06-845A-4947A5374B55}"
EndProject
Global
	GlobalSection(SolutionConfigurationPlatforms) = preSolution
		Debug|Any CPU = Debug|Any CPU
		Release|Any CPU = Release|Any CPU
	EndGlobalSection
	GlobalSection(ProjectConfigurationPlatforms) = postSolution
		{849EBF1F-1CF4-4C06-845A-4947A5374B55}.Debug|Any CPU.ActiveCfg = Debug|Any CPU
		{849EBF1F-1CF4-4C06-845A-4947A5374B55}.Debug|Any CPU.Build.0 = Debug|Any CPU
		{849EBF1F-1CF4-4C06-845A-4947A5374B55}.Release|Any CPU.ActiveCfg = Release|Any CPU
		{849EBF1F-1CF4-4C06-845A-4947A5374B55}.Release|Any CPU.Build.0 = Release|Any CPU
	EndGlobalSection
	GlobalSection(SolutionProperties) = preSolution
		HideSolutionNode = FALSE
	EndGlobalSection
	GlobalSection(ExtensibilityGlobals) = postSolution
		SolutionGuid = {D4C493C8-7023-4DE5-9CA8-1A589E1302A6}
	EndGlobalSection
EndGlobal
